
Microsoft Visual Studio Solution File, Format Version 12.00
# Visual Studio Version 16
VisualStudioVersion = 16.0.30523.141
MinimumVisualStudioVersion = 10.0.40219.1
Project("{FAE04EC0-301F-11D3-BF4B-00C04F79EFBC}") = "FileIOOperationDemo", "FileIOOperationDemo\FileIOOperationDemo.csproj", "{213F2D66-64E5-4118-80E7-AEF1BE81A54A}"
EndProject
Global
	GlobalSection(SolutionConfigurationPlatforms) = preSolution
		Debug|Any CPU = Debug|Any CPU
		Release|Any CPU = Release|Any CPU
	EndGlobalSection
	GlobalSection(ProjectConfigurationPlatforms) = postSolution
		{213F2D66-64E5-4118-80E7-AEF1BE81A54A}.Debug|Any CPU.ActiveCfg = Debug|Any CPU
		{213F2D66-64E5-4118-80E7-AEF1BE81A54A}.Debug|Any CPU.Build.0 = Debug|Any CPU
		{213F2D66-64E5-4118-80E7-AEF1BE81A54A}.Release|Any CPU.ActiveCfg = Release|Any CPU
		{213F2D66-64E5-4118-80E7-AEF1BE81A54A}.Release|Any CPU.Build.0 = Release|Any CPU
	EndGlobalSection
	GlobalSection(SolutionProperties) = preSolution
		HideSolutionNode = FALSE
	EndGlobalSection
	GlobalSection(ExtensibilityGlobals) = postSolution
		SolutionGuid = {19DC33C1-34E3-456B-A8C9-3EC159F65263}
	EndGlobalSection
EndGlobal
